{
  "version": 4,
  "terraform_version": "1.12.2",
  "serial": 9,
  "lineage": "9954c5b2-55f7-c2cb-f997-3670c656d4ca",
  "outputs": {},
  "resources": [
    {
      "mode": "managed",
      "type": "null_resource",
      "name": "provision_ubuntu",
      "provider": "provider[\"registry.terraform.io/hashicorp/null\"]",
      "instances": [
        {
          "schema_version": 0,
          "attributes": {
            "id": "5156723578302436857",
            "triggers": null
          },
          "sensitive_attributes": [],
          "identity_schema_version": 0,
          "dependencies": [
            "vagrant_vm.ubuntu-terraform"
          ]
        }
      ]
    },
    {
      "mode": "managed",
      "type": "vagrant_vm",
      "name": "ubuntu-terraform",
      "provider": "provider[\"registry.terraform.io/bmatcuk/vagrant\"]",
      "instances": [
        {
          "schema_version": 1,
          "attributes": {
            "env": null,
            "get_ports": true,
            "id": "vagrant:ubuntu-terraform",
            "machine_names": [
              "ubuntu-terraform"
            ],
            "name": "vagrantbox",
            "ports": [
              [
                {
                  "guest": 22,
                  "host": 2202
                }
              ]
            ],
            "ssh_config": [
              {
                "agent": "false",
                "host": "127.0.0.1",
                "port": "2202",
                "private_key": "-----BEGIN OPENSSH PRIVATE KEY-----\nb3BlbnNzaC1rZXktdjEAAAAABG5vbmUAAAAEbm9uZQAAAAAAAAABAAAAMwAA\nAAtzc2gtZWQyNTUxOQAAACDVukFy4Cp9Gdr4nuhKv8DGIoh0QhPFKF04KRE1\nzqdHIwAAAJBlpKlMZaSpTAAAAAtzc2gtZWQyNTUxOQAAACDVukFy4Cp9Gdr4\nnuhKv8DGIoh0QhPFKF04KRE1zqdHIwAAAEB1xJg1SnZLASGLmXaLsa+b1T9O\nr9Cwt3Ic95ckN/DRKtW6QXLgKn0Z2vie6Eq/wMYiiHRCE8UoXTgpETXOp0cj\nAAAAB3ZhZ3JhbnQBAgMEBQY=\n-----END OPENSSH PRIVATE KEY-----\n",
                "type": "ssh",
                "user": "vagrant"
              }
            ],
            "vagrantfile_dir": "."
          },
          "sensitive_attributes": [],
          "identity_schema_version": 0,
          "private": "eyJzY2hlbWFfdmVyc2lvbiI6IjEifQ=="
        }
      ]
    }
  ],
  "check_results": null
}
